
Microsoft Visual Studio Solution File, Format Version 12.00
# Visual Studio Version 17
VisualStudioVersion = 17.6.33815.320
MinimumVisualStudioVersion = 10.0.40219.1
Project("{FAE04EC0-301F-11D3-BF4B-00C04F79EFBC}") = "EmployeeWagesProgram", "EmployeeWagesProgram.csproj", "{FA9ED0ED-7238-49C8-9D74-77E96276BF79}"
EndProject
Global
	GlobalSection(SolutionConfigurationPlatforms) = preSolution
		Debug|Any CPU = Debug|Any CPU
		Release|Any CPU = Release|Any CPU
	EndGlobalSection
	GlobalSection(ProjectConfigurationPlatforms) = postSolution
		{FA9ED0ED-7238-49C8-9D74-77E96276BF79}.Debug|Any CPU.ActiveCfg = Debug|Any CPU
		{FA9ED0ED-7238-49C8-9D74-77E96276BF79}.Debug|Any CPU.Build.0 = Debug|Any CPU
		{FA9ED0ED-7238-49C8-9D74-77E96276BF79}.Release|Any CPU.ActiveCfg = Release|Any CPU
		{FA9ED0ED-7238-49C8-9D74-77E96276BF79}.Release|Any CPU.Build.0 = Release|Any CPU
	EndGlobalSection
	GlobalSection(SolutionProperties) = preSolution
		HideSolutionNode = FALSE
	EndGlobalSection
	GlobalSection(ExtensibilityGlobals) = postSolution
		SolutionGuid = {1F175F33-CEB8-40BA-86EA-C0851A09A2D1}
	EndGlobalSection
EndGlobal
